%{"combine": {:hex, :combine, "0.5.2"},
  "cowboy": {:hex, :cowboy, "1.0.2"},
  "cowlib": {:hex, :cowlib, "1.0.1"},
  "eredis": {:hex, :eredis, "1.0.8"},
  "erlfaye": {:git, "git://github.com/antoniogarrote/erlfaye.git", "366227ac6c671e557cedb047c620e69ed3f94b3b", []},
  "espec": {:hex, :espec, "0.7.0"},
  "ex_brace_expansion": {:hex, :ex_brace_expansion, "0.0.2"},
  "ex_minimatch": {:hex, :ex_minimatch, "0.0.1"},
  "exprintf": {:hex, :exprintf, "0.1.6"},
  "exredis": {:hex, :exredis, "0.2.0"},
  "iso8601": {:git, "git://github.com/seansawyer/erlang_iso8601.git", "7b5015419774d7b27f37c088d5a33d23ec84acc4", [tag: "1.1.1"]},
  "meck": {:hex, :meck, "0.8.3"},
  "plug": {:hex, :plug, "1.0.0"},
  "poison": {:hex, :poison, "1.4.0"},
  "poolboy": {:hex, :poolboy, "1.5.1"},
  "ranch": {:hex, :ranch, "1.1.0"},
  "redo": {:hex, :redo, "2.0.1"},
  "secure_random": {:hex, :secure_random, "0.1.1"},
  "timex": {:hex, :timex, "0.19.2"},
  "tzdata": {:hex, :tzdata, "0.1.7"}}
